// !$*UTF8*$!
{
	archiveVersion = 1;
	classes = {
	};
	objectVersion = 46;
	objects = {

/* Begin PBXBuildFile section */
		30277116669F81CC987D5ADF /* Pods_Instagram.framework in Frameworks */ = {isa = PBXBuildFile; fileRef = 21D5840A544D69F4260CF31D /* Pods_Instagram.framework */; };
		718A5D081D03DF020015621F /* AdobeCreativeSDKCore.framework in Frameworks */ = {isa = PBXBuildFile; fileRef = 718A5D061D03DF020015621F /* AdobeCreativeSDKCore.framework */; };
		718A5D091D03DF020015621F /* AdobeCreativeSDKImage.framework in Frameworks */ = {isa = PBXBuildFile; fileRef = 718A5D071D03DF020015621F /* AdobeCreativeSDKImage.framework */; };
		718A5D0B1D03E1330015621F /* AdobeCreativeSDKImageResources.bundle in Resources */ = {isa = PBXBuildFile; fileRef = 718A5D0A1D03E1330015621F /* AdobeCreativeSDKImageResources.bundle */; };
		718A5D0D1D03E3F90015621F /* AdobeCreativeSDKCoreResources.bundle in Resources */ = {isa = PBXBuildFile; fileRef = 718A5D0C1D03E3F90015621F /* AdobeCreativeSDKCoreResources.bundle */; };
		718A5D121D03E7690015621F /* libc++.tbd in Frameworks */ = {isa = PBXBuildFile; fileRef = 718A5D0E1D03E7690015621F /* libc++.tbd */; };
		718A5D131D03E7690015621F /* libsqlite3.0.tbd in Frameworks */ = {isa = PBXBuildFile; fileRef = 718A5D0F1D03E7690015621F /* libsqlite3.0.tbd */; };
		718A5D141D03E7690015621F /* libz.1.2.5.tbd in Frameworks */ = {isa = PBXBuildFile; fileRef = 718A5D101D03E7690015621F /* libz.1.2.5.tbd */; };
		718A5D151D03E7690015621F /* libz.tbd in Frameworks */ = {isa = PBXBuildFile; fileRef = 718A5D111D03E7690015621F /* libz.tbd */; };
		718A5D171D03E7800015621F /* MobileCoreServices.framework in Frameworks */ = {isa = PBXBuildFile; fileRef = 718A5D161D03E7800015621F /* MobileCoreServices.framework */; };
		718A5D191D03E7890015621F /* SystemConfiguration.framework in Frameworks */ = {isa = PBXBuildFile; fileRef = 718A5D181D03E7890015621F /* SystemConfiguration.framework */; };
		718A5D1B1D03E7950015621F /* Accelerate.framework in Frameworks */ = {isa = PBXBuildFile; fileRef = 718A5D1A1D03E7950015621F /* Accelerate.framework */; };
		718A5D1D1D03E7A10015621F /* CoreData.framework in Frameworks */ = {isa = PBXBuildFile; fileRef = 718A5D1C1D03E7A10015621F /* CoreData.framework */; };
		718A5D1F1D03E7B90015621F /* MessageUI.framework in Frameworks */ = {isa = PBXBuildFile; fileRef = 718A5D1E1D03E7B90015621F /* MessageUI.framework */; };
		718A5D211D03E7C30015621F /* OpenGLES.framework in Frameworks */ = {isa = PBXBuildFile; fileRef = 718A5D201D03E7C30015621F /* OpenGLES.framework */; };
		718A5D231D03E7CB0015621F /* QuartzCore.framework in Frameworks */ = {isa = PBXBuildFile; fileRef = 718A5D221D03E7CB0015621F /* QuartzCore.framework */; };
		718A5D251D03E7D10015621F /* StoreKit.framework in Frameworks */ = {isa = PBXBuildFile; fileRef = 718A5D241D03E7D10015621F /* StoreKit.framework */; };
		718A5D281D042F270015621F /* PostData.swift in Sources */ = {isa = PBXBuildFile; fileRef = 718A5D271D042F270015621F /* PostData.swift */; };
		718A5D2B1D0437190015621F /* PostTableViewCell.swift in Sources */ = {isa = PBXBuildFile; fileRef = 718A5D291D0437190015621F /* PostTableViewCell.swift */; };
		718A5D2C1D0437190015621F /* PostTableViewCell.xib in Resources */ = {isa = PBXBuildFile; fileRef = 718A5D2A1D0437190015621F /* PostTableViewCell.xib */; };
		71AC189A1CFFF9700043B333 /* AppDelegate.swift in Sources */ = {isa = PBXBuildFile; fileRef = 71AC18991CFFF9700043B333 /* AppDelegate.swift */; };
		71AC189C1CFFF9710043B333 /* ViewController.swift in Sources */ = {isa = PBXBuildFile; fileRef = 71AC189B1CFFF9710043B333 /* ViewController.swift */; };
		71AC189F1CFFF9710043B333 /* Main.storyboard in Resources */ = {isa = PBXBuildFile; fileRef = 71AC189D1CFFF9710043B333 /* Main.storyboard */; };
		71AC18A11CFFF9710043B333 /* Assets.xcassets in Resources */ = {isa = PBXBuildFile; fileRef = 71AC18A01CFFF9710043B333 /* Assets.xcassets */; };
		71AC18A41CFFF9710043B333 /* LaunchScreen.storyboard in Resources */ = {isa = PBXBuildFile; fileRef = 71AC18A21CFFF9710043B333 /* LaunchScreen.storyboard */; };
		71AC18AC1CFFFB2A0043B333 /* LoginViewController.swift in Sources */ = {isa = PBXBuildFile; fileRef = 71AC18AB1CFFFB2A0043B333 /* LoginViewController.swift */; };
		71AC18AE1CFFFBD30043B333 /* HomeViewController.swift in Sources */ = {isa = PBXBuildFile; fileRef = 71AC18AD1CFFFBD30043B333 /* HomeViewController.swift */; };
		71AC18B01CFFFC190043B333 /* ImageSelectViewController.swift in Sources */ = {isa = PBXBuildFile; fileRef = 71AC18AF1CFFFC190043B333 /* ImageSelectViewController.swift */; };
		71AC18B21CFFFC2F0043B333 /* PostViewController.swift in Sources */ = {isa = PBXBuildFile; fileRef = 71AC18B11CFFFC2F0043B333 /* PostViewController.swift */; };
		71AC18B41CFFFC500043B333 /* SettingViewController.swift in Sources */ = {isa = PBXBuildFile; fileRef = 71AC18B31CFFFC500043B333 /* SettingViewController.swift */; };
		71BE37781D00154A0093FC38 /* Const.swift in Sources */ = {isa = PBXBuildFile; fileRef = 71BE37771D00154A0093FC38 /* Const.swift */; };
/* End PBXBuildFile section */

/* Begin PBXFileReference section */
		21D5840A544D69F4260CF31D /* Pods_Instagram.framework */ = {isa = PBXFileReference; explicitFileType = wrapper.framework; includeInIndex = 0; path = Pods_Instagram.framework; sourceTree = BUILT_PRODUCTS_DIR; };
		718A5D061D03DF020015621F /* AdobeCreativeSDKCore.framework */ = {isa = PBXFileReference; lastKnownFileType = wrapper.framework; path = AdobeCreativeSDKCore.framework; sourceTree = "<group>"; };
		718A5D071D03DF020015621F /* AdobeCreativeSDKImage.framework */ = {isa = PBXFileReference; lastKnownFileType = wrapper.framework; path = AdobeCreativeSDKImage.framework; sourceTree = "<group>"; };
		718A5D0A1D03E1330015621F /* AdobeCreativeSDKImageResources.bundle */ = {isa = PBXFileReference; lastKnownFileType = "wrapper.plug-in"; path = AdobeCreativeSDKImageResources.bundle; sourceTree = "<group>"; };
		718A5D0C1D03E3F90015621F /* AdobeCreativeSDKCoreResources.bundle */ = {isa = PBXFileReference; lastKnownFileType = "wrapper.plug-in"; path = AdobeCreativeSDKCoreResources.bundle; sourceTree = "<group>"; };
		718A5D0E1D03E7690015621F /* libc++.tbd */ = {isa = PBXFileReference; lastKnownFileType = "sourcecode.text-based-dylib-definition"; name = "libc++.tbd"; path = "usr/lib/libc++.tbd"; sourceTree = SDKROOT; };
		718A5D0F1D03E7690015621F /* libsqlite3.0.tbd */ = {isa = PBXFileReference; lastKnownFileType = "sourcecode.text-based-dylib-definition"; name = libsqlite3.0.tbd; path = usr/lib/libsqlite3.0.tbd; sourceTree = SDKROOT; };
		718A5D101D03E7690015621F /* libz.1.2.5.tbd */ = {isa = PBXFileReference; lastKnownFileType = "sourcecode.text-based-dylib-definition"; name = libz.1.2.5.tbd; path = usr/lib/libz.1.2.5.tbd; sourceTree = SDKROOT; };
		718A5D111D03E7690015621F /* libz.tbd */ = {isa = PBXFileReference; lastKnownFileType = "sourcecode.text-based-dylib-definition"; name = libz.tbd; path = usr/lib/libz.tbd; sourceTree = SDKROOT; };
		718A5D161D03E7800015621F /* MobileCoreServices.framework */ = {isa = PBXFileReference; lastKnownFileType = wrapper.framework; name = MobileCoreServices.framework; path = System/Library/Frameworks/MobileCoreServices.framework; sourceTree = SDKROOT; };
		718A5D181D03E7890015621F /* SystemConfiguration.framework */ = {isa = PBXFileReference; lastKnownFileType = wrapper.framework; name = SystemConfiguration.framework; path = System/Library/Frameworks/SystemConfiguration.framework; sourceTree = SDKROOT; };
		718A5D1A1D03E7950015621F /* Accelerate.framework */ = {isa = PBXFileReference; lastKnownFileType = wrapper.framework; name = Accelerate.framework; path = System/Library/Frameworks/Accelerate.framework; sourceTree = SDKROOT; };
		718A5D1C1D03E7A10015621F /* CoreData.framework */ = {isa = PBXFileReference; lastKnownFileType = wrapper.framework; name = CoreData.framework; path = System/Library/Frameworks/CoreData.framework; sourceTree = SDKROOT; };
		718A5D1E1D03E7B90015621F /* MessageUI.framework */ = {isa = PBXFileReference; lastKnownFileType = wrapper.framework; name = MessageUI.framework; path = System/Library/Frameworks/MessageUI.framework; sourceTree = SDKROOT; };
		718A5D201D03E7C30015621F /* OpenGLES.framework */ = {isa = PBXFileReference; lastKnownFileType = wrapper.framework; name = OpenGLES.framework; path = System/Library/Frameworks/OpenGLES.framework; sourceTree = SDKROOT; };
		718A5D221D03E7CB0015621F /* QuartzCore.framework */ = {isa = PBXFileReference; lastKnownFileType = wrapper.framework; name = QuartzCore.framework; path = System/Library/Frameworks/QuartzCore.framework; sourceTree = SDKROOT; };
		718A5D241D03E7D10015621F /* StoreKit.framework */ = {isa = PBXFileReference; lastKnownFileType = wrapper.framework; name = StoreKit.framework; path = System/Library/Frameworks/StoreKit.framework; sourceTree = SDKROOT; };
		718A5D261D03E9380015621F /* Instagram-Bridging-Header.h */ = {isa = PBXFileReference; lastKnownFileType = sourcecode.c.h; path = "Instagram-Bridging-Header.h"; sourceTree = "<group>"; };
		718A5D271D042F270015621F /* PostData.swift */ = {isa = PBXFileReference; fileEncoding = 4; lastKnownFileType = sourcecode.swift; path = PostData.swift; sourceTree = "<group>"; };
		718A5D291D0437190015621F /* PostTableViewCell.swift */ = {isa = PBXFileReference; fileEncoding = 4; lastKnownFileType = sourcecode.swift; path = PostTableViewCell.swift; sourceTree = "<group>"; };
		718A5D2A1D0437190015621F /* PostTableViewCell.xib */ = {isa = PBXFileReference; fileEncoding = 4; lastKnownFileType = file.xib; path = PostTableViewCell.xib; sourceTree = "<group>"; };
		71AC18961CFFF96E0043B333 /* Instagram.app */ = {isa = PBXFileReference; explicitFileType = wrapper.application; includeInIndex = 0; path = Instagram.app; sourceTree = BUILT_PRODUCTS_DIR; };
		71AC18991CFFF9700043B333 /* AppDelegate.swift */ = {isa = PBXFileReference; lastKnownFileType = sourcecode.swift; path = AppDelegate.swift; sourceTree = "<group>"; };
		71AC189B1CFFF9710043B333 /* ViewController.swift */ = {isa = PBXFileReference; lastKnownFileType = sourcecode.swift; path = ViewController.swift; sourceTree = "<group>"; };
		71AC189E1CFFF9710043B333 /* Base */ = {isa = PBXFileReference; lastKnownFileType = file.storyboard; name = Base; path = Base.lproj/Main.storyboard; sourceTree = "<group>"; };
		71AC18A01CFFF9710043B333 /* Assets.xcassets */ = {isa = PBXFileReference; lastKnownFileType = folder.assetcatalog; path = Assets.xcassets; sourceTree = "<group>"; };
		71AC18A31CFFF9710043B333 /* Base */ = {isa = PBXFileReference; lastKnownFileType = file.storyboard; name = Base; path = Base.lproj/LaunchScreen.storyboard; sourceTree = "<group>"; };
		71AC18AB1CFFFB2A0043B333 /* LoginViewController.swift */ = {isa = PBXFileReference; fileEncoding = 4; lastKnownFileType = sourcecode.swift; path = LoginViewController.swift; sourceTree = "<group>"; };
		71AC18AD1CFFFBD30043B333 /* HomeViewController.swift */ = {isa = PBXFileReference; fileEncoding = 4; lastKnownFileType = sourcecode.swift; path = HomeViewController.swift; sourceTree = "<group>"; };
		71AC18AF1CFFFC190043B333 /* ImageSelectViewController.swift */ = {isa = PBXFileReference; fileEncoding = 4; lastKnownFileType = sourcecode.swift; path = ImageSelectViewController.swift; sourceTree = "<group>"; };
		71AC18B11CFFFC2F0043B333 /* PostViewController.swift */ = {isa = PBXFileReference; fileEncoding = 4; lastKnownFileType = sourcecode.swift; path = PostViewController.swift; sourceTree = "<group>"; };
		71AC18B31CFFFC500043B333 /* SettingViewController.swift */ = {isa = PBXFileReference; fileEncoding = 4; lastKnownFileType = sourcecode.swift; path = SettingViewController.swift; sourceTree = "<group>"; };
		71BE37771D00154A0093FC38 /* Const.swift */ = {isa = PBXFileReference; fileEncoding = 4; lastKnownFileType = sourcecode.swift; path = Const.swift; sourceTree = "<group>"; };
		BE66216865F74F38AEBF0C0C /* Pods-Instagram.release.xcconfig */ = {isa = PBXFileReference; includeInIndex = 1; lastKnownFileType = text.xcconfig; name = "Pods-Instagram.release.xcconfig"; path = "Pods/Target Support Files/Pods-Instagram/Pods-Instagram.release.xcconfig"; sourceTree = "<group>"; };
		F63B03B92C623ACB593AE7DD /* Pods-Instagram.debug.xcconfig */ = {isa = PBXFileReference; includeInIndex = 1; lastKnownFileType = text.xcconfig; name = "Pods-Instagram.debug.xcconfig"; path = "Pods/Target Support Files/Pods-Instagram/Pods-Instagram.debug.xcconfig"; sourceTree = "<group>"; };
/* End PBXFileReference section */

/* Begin PBXFrameworksBuildPhase section */
		71AC18931CFFF96E0043B333 /* Frameworks */ = {
			isa = PBXFrameworksBuildPhase;
			buildActionMask = 2147483647;
			files = (
				718A5D121D03E7690015621F /* libc++.tbd in Frameworks */,
				718A5D151D03E7690015621F /* libz.tbd in Frameworks */,
				718A5D141D03E7690015621F /* libz.1.2.5.tbd in Frameworks */,
				718A5D131D03E7690015621F /* libsqlite3.0.tbd in Frameworks */,
				718A5D171D03E7800015621F /* MobileCoreServices.framework in Frameworks */,
				718A5D081D03DF020015621F /* AdobeCreativeSDKCore.framework in Frameworks */,
				718A5D191D03E7890015621F /* SystemConfiguration.framework in Frameworks */,
				718A5D251D03E7D10015621F /* StoreKit.framework in Frameworks */,
				718A5D231D03E7CB0015621F /* QuartzCore.framework in Frameworks */,
				718A5D211D03E7C30015621F /* OpenGLES.framework in Frameworks */,
				718A5D1F1D03E7B90015621F /* MessageUI.framework in Frameworks */,
				718A5D1D1D03E7A10015621F /* CoreData.framework in Frameworks */,
				718A5D1B1D03E7950015621F /* Accelerate.framework in Frameworks */,
				718A5D091D03DF020015621F /* AdobeCreativeSDKImage.framework in Frameworks */,
				30277116669F81CC987D5ADF /* Pods_Instagram.framework in Frameworks */,
			);
			runOnlyForDeploymentPostprocessing = 0;
		};
/* End PBXFrameworksBuildPhase section */

/* Begin PBXGroup section */
		5B82E10B4E4B98663B4CCD39 /* Frameworks */ = {
			isa = PBXGroup;
			children = (
				718A5D241D03E7D10015621F /* StoreKit.framework */,
				718A5D221D03E7CB0015621F /* QuartzCore.framework */,
				718A5D201D03E7C30015621F /* OpenGLES.framework */,
				718A5D1E1D03E7B90015621F /* MessageUI.framework */,
				718A5D1C1D03E7A10015621F /* CoreData.framework */,
				718A5D1A1D03E7950015621F /* Accelerate.framework */,
				718A5D181D03E7890015621F /* SystemConfiguration.framework */,
				718A5D161D03E7800015621F /* MobileCoreServices.framework */,
				718A5D0E1D03E7690015621F /* libc++.tbd */,
				718A5D0F1D03E7690015621F /* libsqlite3.0.tbd */,
				718A5D101D03E7690015621F /* libz.1.2.5.tbd */,
				718A5D111D03E7690015621F /* libz.tbd */,
				21D5840A544D69F4260CF31D /* Pods_Instagram.framework */,
			);
			name = Frameworks;
			sourceTree = "<group>";
		};
		71AC188D1CFFF96E0043B333 = {
			isa = PBXGroup;
			children = (
				71AC18981CFFF9700043B333 /* Instagram */,
				71AC18971CFFF96E0043B333 /* Products */,
				F22CEA6CFAF29C367426D3C0 /* Pods */,
				5B82E10B4E4B98663B4CCD39 /* Frameworks */,
			);
			sourceTree = "<group>";
		};
		71AC18971CFFF96E0043B333 /* Products */ = {
			isa = PBXGroup;
			children = (
				71AC18961CFFF96E0043B333 /* Instagram.app */,
			);
			name = Products;
			sourceTree = "<group>";
		};
		71AC18981CFFF9700043B333 /* Instagram */ = {
			isa = PBXGroup;
			children = (
				718A5D0C1D03E3F90015621F /* AdobeCreativeSDKCoreResources.bundle */,
				718A5D061D03DF020015621F /* AdobeCreativeSDKCore.framework */,
				718A5D071D03DF020015621F /* AdobeCreativeSDKImage.framework */,
				718A5D0A1D03E1330015621F /* AdobeCreativeSDKImageResources.bundle */,
				71AC189B1CFFF9710043B333 /* ViewController.swift */,
				71AC18991CFFF9700043B333 /* AppDelegate.swift */,
				71AC189D1CFFF9710043B333 /* Main.storyboard */,
				71AC18A01CFFF9710043B333 /* Assets.xcassets */,
				71AC18A21CFFF9710043B333 /* LaunchScreen.storyboard */,
				71AC18AB1CFFFB2A0043B333 /* LoginViewController.swift */,
				71AC18AD1CFFFBD30043B333 /* HomeViewController.swift */,
				71AC18AF1CFFFC190043B333 /* ImageSelectViewController.swift */,
				71AC18B11CFFFC2F0043B333 /* PostViewController.swift */,
				71AC18B31CFFFC500043B333 /* SettingViewController.swift */,
				71BE37771D00154A0093FC38 /* Const.swift */,
				718A5D261D03E9380015621F /* Instagram-Bridging-Header.h */,
				718A5D271D042F270015621F /* PostData.swift */,
				718A5D291D0437190015621F /* PostTableViewCell.swift */,
				718A5D2A1D0437190015621F /* PostTableViewCell.xib */,
			);
			path = Instagram;
			sourceTree = "<group>";
		};
		F22CEA6CFAF29C367426D3C0 /* Pods */ = {
			isa = PBXGroup;
			children = (
				F63B03B92C623ACB593AE7DD /* Pods-Instagram.debug.xcconfig */,
				BE66216865F74F38AEBF0C0C /* Pods-Instagram.release.xcconfig */,
			);
			name = Pods;
			sourceTree = "<group>";
		};
/* End PBXGroup section */

/* Begin PBXNativeTarget section */
		71AC18951CFFF96E0043B333 /* Instagram */ = {
			isa = PBXNativeTarget;
			buildConfigurationList = 71AC18A81CFFF9710043B333 /* Build configuration list for PBXNativeTarget "Instagram" */;
			buildPhases = (
				8DA11E53D4CDEA1AE367E64A /* Check Pods Manifest.lock */,
				71AC18921CFFF96E0043B333 /* Sources */,
				71AC18931CFFF96E0043B333 /* Frameworks */,
				71AC18941CFFF96E0043B333 /* Resources */,
				FE098F262469B36A5B62962E /* Embed Pods Frameworks */,
				E0FD038E8E6F768E9EE6CDC0 /* Copy Pods Resources */,
			);
			buildRules = (
			);
			dependencies = (
			);
			name = Instagram;
			productName = Instagram;
			productReference = 71AC18961CFFF96E0043B333 /* Instagram.app */;
			productType = "com.apple.product-type.application";
		};
/* End PBXNativeTarget section */

/* Begin PBXProject section */
		71AC188E1CFFF96E0043B333 /* Project object */ = {
			isa = PBXProject;
			attributes = {
				LastSwiftUpdateCheck = 0730;
				LastUpgradeCheck = 0730;
				ORGANIZATIONNAME = hidenori.nagasawa;
				TargetAttributes = {
					71AC18951CFFF96E0043B333 = {
						CreatedOnToolsVersion = 7.3.1;
					};
				};
			};
			buildConfigurationList = 71AC18911CFFF96E0043B333 /* Build configuration list for PBXProject "Instagram" */;
			compatibilityVersion = "Xcode 3.2";
			developmentRegion = English;
			hasScannedForEncodings = 0;
			knownRegions = (
				en,
				Base,
			);
			mainGroup = 71AC188D1CFFF96E0043B333;
			productRefGroup = 71AC18971CFFF96E0043B333 /* Products */;
			projectDirPath = "";
			projectRoot = "";
			targets = (
				71AC18951CFFF96E0043B333 /* Instagram */,
			);
		};
/* End PBXProject section */

/* Begin PBXResourcesBuildPhase section */
		71AC18941CFFF96E0043B333 /* Resources */ = {
			isa = PBXResourcesBuildPhase;
			buildActionMask = 2147483647;
			files = (
				71AC18A41CFFF9710043B333 /* LaunchScreen.storyboard in Resources */,
				718A5D0D1D03E3F90015621F /* AdobeCreativeSDKCoreResources.bundle in Resources */,
				71AC18A11CFFF9710043B333 /* Assets.xcassets in Resources */,
				718A5D2C1D0437190015621F /* PostTableViewCell.xib in Resources */,
				71AC189F1CFFF9710043B333 /* Main.storyboard in Resources */,
				718A5D0B1D03E1330015621F /* AdobeCreativeSDKImageResources.bundle in Resources */,
			);
			runOnlyForDeploymentPostprocessing = 0;
		};
/* End PBXResourcesBuildPhase section */

/* Begin PBXShellScriptBuildPhase section */
		8DA11E53D4CDEA1AE367E64A /* Check Pods Manifest.lock */ = {
			isa = PBXShellScriptBuildPhase;
			buildActionMask = 2147483647;
			files = (
			);
			inputPaths = (
			);
			name = "Check Pods Manifest.lock";
			outputPaths = (
			);
			runOnlyForDeploymentPostprocessing = 0;
			shellPath = /bin/sh;
			shellScript = "diff \"${PODS_ROOT}/../Podfile.lock\" \"${PODS_ROOT}/Manifest.lock\" > /dev/null\nif [[ $? != 0 ]] ; then\n    cat << EOM\nerror: The sandbox is not in sync with the Podfile.lock. Run 'pod install' or update your CocoaPods installation.\nEOM\n    exit 1\nfi\n";
			showEnvVarsInLog = 0;
		};
		E0FD038E8E6F768E9EE6CDC0 /* Copy Pods Resources */ = {
			isa = PBXShellScriptBuildPhase;
			buildActionMask = 2147483647;
			files = (
			);
			inputPaths = (
			);
			name = "Copy Pods Resources";
			outputPaths = (
			);
			runOnlyForDeploymentPostprocessing = 0;
			shellPath = /bin/sh;
			shellScript = "\"${SRCROOT}/Pods/Target Support Files/Pods-Instagram/Pods-Instagram-resources.sh\"\n";
			showEnvVarsInLog = 0;
		};
		FE098F262469B36A5B62962E /* Embed Pods Frameworks */ = {
			isa = PBXShellScriptBuildPhase;
			buildActionMask = 2147483647;
			files = (
			);
			inputPaths = (
			);
			name = "Embed Pods Frameworks";
			outputPaths = (
			);
			runOnlyForDeploymentPostprocessing = 0;
			shellPath = /bin/sh;
			shellScript = "\"${SRCROOT}/Pods/Target Support Files/Pods-Instagram/Pods-Instagram-frameworks.sh\"\n";
			showEnvVarsInLog = 0;
		};
/* End PBXShellScriptBuildPhase section */

/* Begin PBXSourcesBuildPhase section */
		71AC18921CFFF96E0043B333 /* Sources */ = {
			isa = PBXSourcesBuildPhase;
			buildActionMask = 2147483647;
			files = (
				71AC18B21CFFFC2F0043B333 /* PostViewController.swift in Sources */,
				718A5D281D042F270015621F /* PostData.swift in Sources */,
				71AC18AC1CFFFB2A0043B333 /* LoginViewController.swift in Sources */,
				71AC189C1CFFF9710043B333 /* ViewController.swift in Sources */,
				71AC189A1CFFF9700043B333 /* AppDelegate.swift in Sources */,
				71AC18B01CFFFC190043B333 /* ImageSelectViewController.swift in Sources */,
				71BE37781D00154A0093FC38 /* Const.swift in Sources */,
				718A5D2B1D0437190015621F /* PostTableViewCell.swift in Sources */,
				71AC18B41CFFFC500043B333 /* SettingViewController.swift in Sources */,
				71AC18AE1CFFFBD30043B333 /* HomeViewController.swift in Sources */,
			);
			runOnlyForDeploymentPostprocessing = 0;
		};
/* End PBXSourcesBuildPhase section */

/* Begin PBXVariantGroup section */
		71AC189D1CFFF9710043B333 /* Main.storyboard */ = {
			isa = PBXVariantGroup;
			children = (
				71AC189E1CFFF9710043B333 /* Base */,
			);
			name = Main.storyboard;
			sourceTree = "<group>";
		};
		71AC18A21CFFF9710043B333 /* LaunchScreen.storyboard */ = {
			isa = PBXVariantGroup;
			children = (
				71AC18A31CFFF9710043B333 /* Base */,
			);
			name = LaunchScreen.storyboard;
			sourceTree = "<group>";
		};
/* End PBXVariantGroup section */

/* Begin XCBuildConfiguration section */
		71AC18A61CFFF9710043B333 /* Debug */ = {
			isa = XCBuildConfiguration;
			buildSettings = {
				ALWAYS_SEARCH_USER_PATHS = NO;
				CLANG_ANALYZER_NONNULL = YES;
				CLANG_CXX_LANGUAGE_STANDARD = "gnu++0x";
				CLANG_CXX_LIBRARY = "libc++";
				CLANG_ENABLE_MODULES = YES;
				CLANG_ENABLE_OBJC_ARC = YES;
				CLANG_WARN_BOOL_CONVERSION = YES;
				CLANG_WARN_CONSTANT_CONVERSION = YES;
				CLANG_WARN_DIRECT_OBJC_ISA_USAGE = YES_ERROR;
				CLANG_WARN_EMPTY_BODY = YES;
				CLANG_WARN_ENUM_CONVERSION = YES;
				CLANG_WARN_INT_CONVERSION = YES;
				CLANG_WARN_OBJC_ROOT_CLASS = YES_ERROR;
				CLANG_WARN_UNREACHABLE_CODE = YES;
				CLANG_WARN__DUPLICATE_METHOD_MATCH = YES;
				"CODE_SIGN_IDENTITY[sdk=iphoneos*]" = "iPhone Developer";
				COPY_PHASE_STRIP = NO;
				DEBUG_INFORMATION_FORMAT = dwarf;
				ENABLE_STRICT_OBJC_MSGSEND = YES;
				ENABLE_TESTABILITY = YES;
				GCC_C_LANGUAGE_STANDARD = gnu99;
				GCC_DYNAMIC_NO_PIC = NO;
				GCC_NO_COMMON_BLOCKS = YES;
				GCC_OPTIMIZATION_LEVEL = 0;
				GCC_PREPROCESSOR_DEFINITIONS = (
					"DEBUG=1",
					"$(inherited)",
				);
				GCC_WARN_64_TO_32_BIT_CONVERSION = YES;
				GCC_WARN_ABOUT_RETURN_TYPE = YES_ERROR;
				GCC_WARN_UNDECLARED_SELECTOR = YES;
				GCC_WARN_UNINITIALIZED_AUTOS = YES_AGGRESSIVE;
				GCC_WARN_UNUSED_FUNCTION = YES;
				GCC_WARN_UNUSED_VARIABLE = YES;
				IPHONEOS_DEPLOYMENT_TARGET = 9.3;
				MTL_ENABLE_DEBUG_INFO = YES;
				ONLY_ACTIVE_ARCH = YES;
				SDKROOT = iphoneos;
				SWIFT_OPTIMIZATION_LEVEL = "-Onone";
			};
			name = Debug;
		};
		71AC18A71CFFF9710043B333 /* Release */ = {
			isa = XCBuildConfiguration;
			buildSettings = {
				ALWAYS_SEARCH_USER_PATHS = NO;
				CLANG_ANALYZER_NONNULL = YES;
				CLANG_CXX_LANGUAGE_STANDARD = "gnu++0x";
				CLANG_CXX_LIBRARY = "libc++";
				CLANG_ENABLE_MODULES = YES;
				CLANG_ENABLE_OBJC_ARC = YES;
				CLANG_WARN_BOOL_CONVERSION = YES;
				CLANG_WARN_CONSTANT_CONVERSION = YES;
				CLANG_WARN_DIRECT_OBJC_ISA_USAGE = YES_ERROR;
				CLANG_WARN_EMPTY_BODY = YES;
				CLANG_WARN_ENUM_CONVERSION = YES;
				CLANG_WARN_INT_CONVERSION = YES;
				CLANG_WARN_OBJC_ROOT_CLASS = YES_ERROR;
				CLANG_WARN_UNREACHABLE_CODE = YES;
				CLANG_WARN__DUPLICATE_METHOD_MATCH = YES;
				"CODE_SIGN_IDENTITY[sdk=iphoneos*]" = "iPhone Developer";
				COPY_PHASE_STRIP = NO;
				DEBUG_INFORMATION_FORMAT = "dwarf-with-dsym";
				ENABLE_NS_ASSERTIONS = NO;
				ENABLE_STRICT_OBJC_MSGSEND = YES;
				GCC_C_LANGUAGE_STANDARD = gnu99;
				GCC_NO_COMMON_BLOCKS = YES;
				GCC_WARN_64_TO_32_BIT_CONVERSION = YES;
				GCC_WARN_ABOUT_RETURN_TYPE = YES_ERROR;
				GCC_WARN_UNDECLARED_SELECTOR = YES;
				GCC_WARN_UNINITIALIZED_AUTOS = YES_AGGRESSIVE;
				GCC_WARN_UNUSED_FUNCTION = YES;
				GCC_WARN_UNUSED_VARIABLE = YES;
				IPHONEOS_DEPLOYMENT_TARGET = 9.3;
				MTL_ENABLE_DEBUG_INFO = NO;
				SDKROOT = iphoneos;
				VALIDATE_PRODUCT = YES;
			};
			name = Release;
		};
		71AC18A91CFFF9710043B333 /* Debug */ = {
			isa = XCBuildConfiguration;
			baseConfigurationReference = F63B03B92C623ACB593AE7DD /* Pods-Instagram.debug.xcconfig */;
			buildSettings = {
				ASSETCATALOG_COMPILER_APPICON_NAME = AppIcon;
				FRAMEWORK_SEARCH_PATHS = (
					"$(inherited)",
					"$(PROJECT_DIR)/Instagram",
				);
				INFOPLIST_FILE = Instagram/Info.plist;
				LD_RUNPATH_SEARCH_PATHS = "$(inherited) @executable_path/Frameworks";
				OTHER_LDFLAGS = (
					"$(inherited)",
					"-ObjC",
					"-l\"c++\"",
					"-l\"icucore\"",
					"-l\"sqlite3\"",
					"-l\"z\"",
					"-framework",
					"\"AdSupport\"",
					"-framework",
					"\"AddressBook\"",
					"-framework",
					"\"CFNetwork\"",
					"-framework",
					"\"CoreGraphics\"",
					"-framework",
					"\"ESTabBarController\"",
					"-framework",
					"\"FirebaseAnalytics\"",
					"-framework",
					"\"FirebaseAuth\"",
					"-framework",
					"\"FirebaseDatabase\"",
					"-framework",
					"\"FirebaseInstanceID\"",
					"-framework",
					"\"GoogleInterchangeUtilities\"",
					"-framework",
					"\"GoogleNetworkingUtilities\"",
					"-framework",
					"\"GoogleSymbolUtilities\"",
					"-framework",
					"\"GoogleUtilities\"",
					"-framework",
					"\"SVProgressHUD\"",
					"-framework",
					"\"SafariServices\"",
					"-framework",
					"\"Security\"",
					"-framework",
					"\"StoreKit\"",
					"-framework",
					"\"SystemConfiguration\"",
					"-ObjC",
					"-all_load",
				);
				PRODUCT_BUNDLE_IDENTIFIER = jp.techacademy.hidenori.nagasawa.Instagram;
				PRODUCT_NAME = "$(TARGET_NAME)";
				SWIFT_OBJC_BRIDGING_HEADER = "Instagram/Instagram-Bridging-Header.h";
				SWIFT_OPTIMIZATION_LEVEL = "-Owholemodule";
			};
			name = Debug;
		};
		71AC18AA1CFFF9710043B333 /* Release */ = {
			isa = XCBuildConfiguration;
			baseConfigurationReference = BE66216865F74F38AEBF0C0C /* Pods-Instagram.release.xcconfig */;
			buildSettings = {
				ASSETCATALOG_COMPILER_APPICON_NAME = AppIcon;
				FRAMEWORK_SEARCH_PATHS = (
					"$(inherited)",
					"$(PROJECT_DIR)/Instagram",
				);
				INFOPLIST_FILE = Instagram/Info.plist;
				LD_RUNPATH_SEARCH_PATHS = "$(inherited) @executable_path/Frameworks";
				OTHER_LDFLAGS = (
					"$(inherited)",
					"-ObjC",
					"-l\"c++\"",
					"-l\"icucore\"",
					"-l\"sqlite3\"",
					"-l\"z\"",
					"-framework",
					"\"AdSupport\"",
					"-framework",
					"\"AddressBook\"",
					"-framework",
					"\"CFNetwork\"",
					"-framework",
					"\"CoreGraphics\"",
					"-framework",
					"\"ESTabBarController\"",
					"-framework",
					"\"FirebaseAnalytics\"",
					"-framework",
					"\"FirebaseAuth\"",
					"-framework",
					"\"FirebaseDatabase\"",
					"-framework",
					"\"FirebaseInstanceID\"",
					"-framework",
					"\"GoogleInterchangeUtilities\"",
					"-framework",
					"\"GoogleNetworkingUtilities\"",
					"-framework",
					"\"GoogleSymbolUtilities\"",
					"-framework",
					"\"GoogleUtilities\"",
					"-framework",
					"\"SVProgressHUD\"",
					"-framework",
					"\"SafariServices\"",
					"-framework",
					"\"Security\"",
					"-framework",
					"\"StoreKit\"",
					"-framework",
					"\"SystemConfiguration\"",
					"-ObjC",
					"-all_load",
				);
				PRODUCT_BUNDLE_IDENTIFIER = jp.techacademy.hidenori.nagasawa.Instagram;
				PRODUCT_NAME = "$(TARGET_NAME)";
				SWIFT_OBJC_BRIDGING_HEADER = "Instagram/Instagram-Bridging-Header.h";
			};
			name = Release;
		};
/* End XCBuildConfiguration section */

/* Begin XCConfigurationList section */
		71AC18911CFFF96E0043B333 /* Build configuration list for PBXProject "Instagram" */ = {
			isa = XCConfigurationList;
			buildConfigurations = (
				71AC18A61CFFF9710043B333 /* Debug */,
				71AC18A71CFFF9710043B333 /* Release */,
			);
			defaultConfigurationIsVisible = 0;
			defaultConfigurationName = Release;
		};
		71AC18A81CFFF9710043B333 /* Build configuration list for PBXNativeTarget "Instagram" */ = {
			isa = XCConfigurationList;
			buildConfigurations = (
				71AC18A91CFFF9710043B333 /* Debug */,
				71AC18AA1CFFF9710043B333 /* Release */,
			);
			defaultConfigurationIsVisible = 0;
			defaultConfigurationName = Release;
		};
/* End XCConfigurationList section */
	};
	rootObject = 71AC188E1CFFF96E0043B333 /* Project object */;
}
